
Microsoft Visual Studio Solution File, Format Version 12.00
# Visual Studio 14
VisualStudioVersion = 14.0.22512.0
MinimumVisualStudioVersion = 10.0.40219.1
Project("{FAE04EC0-301F-11D3-BF4B-00C04F79EFBC}") = "WorldApp", "WorldApp\WorldApp.csproj", "{13A45C13-3265-47B8-BC48-A553B569DF55}"
		{70fc86e5-f79c-43c1-b9fa-cf1819fac678} = {70fc86e5-f79c-43c1-b9fa-cf1819fac678}
		{a8e129ba-ced2-4f02-90cd-5c48242bd007} = {a8e129ba-ced2-4f02-90cd-5c48242bd007}
EndProject
Project("{FAE04EC0-301F-11D3-BF4B-00C04F79EFBC}") = "Assembly-CSharp", "C:\Users\ferna\Desktop\World App\App\GeneratedProjects\UWP\Assembly-CSharp\Assembly-CSharp.csproj", "{70fc86e5-f79c-43c1-b9fa-cf1819fac678}"
EndProject
Project("{FAE04EC0-301F-11D3-BF4B-00C04F79EFBC}") = "Assembly-CSharp-firstpass", "C:\Users\ferna\Desktop\World App\App\GeneratedProjects\UWP\Assembly-CSharp-firstpass\Assembly-CSharp-firstpass.csproj", "{a8e129ba-ced2-4f02-90cd-5c48242bd007}"
EndProject
Global
	GlobalSection(SolutionConfigurationPlatforms) = preSolution
		Debug|ARM = Debug|ARM
		Debug|x64 = Debug|x64
		Debug|x86 = Debug|x86
		Master|ARM = Master|ARM
		Master|x64 = Master|x64
		Master|x86 = Master|x86
		Release|ARM = Release|ARM
		Release|x64 = Release|x64
		Release|x86 = Release|x86
	EndGlobalSection
	GlobalSection(ProjectConfigurationPlatforms) = postSolution
		{13A45C13-3265-47B8-BC48-A553B569DF55}.Debug|ARM.ActiveCfg = Debug|ARM
		{13A45C13-3265-47B8-BC48-A553B569DF55}.Debug|ARM.Build.0 = Debug|ARM
		{13A45C13-3265-47B8-BC48-A553B569DF55}.Debug|ARM.Deploy.0 = Debug|ARM
		{13A45C13-3265-47B8-BC48-A553B569DF55}.Debug|x64.ActiveCfg = Debug|x64
		{13A45C13-3265-47B8-BC48-A553B569DF55}.Debug|x64.Build.0 = Debug|x64
		{13A45C13-3265-47B8-BC48-A553B569DF55}.Debug|x64.Deploy.0 = Debug|x64
		{13A45C13-3265-47B8-BC48-A553B569DF55}.Debug|x86.ActiveCfg = Debug|x86
		{13A45C13-3265-47B8-BC48-A553B569DF55}.Debug|x86.Build.0 = Debug|x86
		{13A45C13-3265-47B8-BC48-A553B569DF55}.Debug|x86.Deploy.0 = Debug|x86
		{13A45C13-3265-47B8-BC48-A553B569DF55}.Master|ARM.ActiveCfg = Master|ARM
		{13A45C13-3265-47B8-BC48-A553B569DF55}.Master|ARM.Build.0 = Master|ARM
		{13A45C13-3265-47B8-BC48-A553B569DF55}.Master|ARM.Deploy.0 = Master|ARM
		{13A45C13-3265-47B8-BC48-A553B569DF55}.Master|x64.ActiveCfg = Master|x64
		{13A45C13-3265-47B8-BC48-A553B569DF55}.Master|x64.Build.0 = Master|x64
		{13A45C13-3265-47B8-BC48-A553B569DF55}.Master|x64.Deploy.0 = Master|x64
		{13A45C13-3265-47B8-BC48-A553B569DF55}.Master|x86.ActiveCfg = Master|x86
		{13A45C13-3265-47B8-BC48-A553B569DF55}.Master|x86.Build.0 = Master|x86
		{13A45C13-3265-47B8-BC48-A553B569DF55}.Master|x86.Deploy.0 = Master|x86
		{13A45C13-3265-47B8-BC48-A553B569DF55}.Release|ARM.ActiveCfg = Release|ARM
		{13A45C13-3265-47B8-BC48-A553B569DF55}.Release|ARM.Build.0 = Release|ARM
		{13A45C13-3265-47B8-BC48-A553B569DF55}.Release|ARM.Deploy.0 = Release|ARM
		{13A45C13-3265-47B8-BC48-A553B569DF55}.Release|x64.ActiveCfg = Release|x64
		{13A45C13-3265-47B8-BC48-A553B569DF55}.Release|x64.Build.0 = Release|x64
		{13A45C13-3265-47B8-BC48-A553B569DF55}.Release|x64.Deploy.0 = Release|x64
		{13A45C13-3265-47B8-BC48-A553B569DF55}.Release|x86.ActiveCfg = Release|x86
		{13A45C13-3265-47B8-BC48-A553B569DF55}.Release|x86.Build.0 = Release|x86
		{13A45C13-3265-47B8-BC48-A553B569DF55}.Release|x86.Deploy.0 = Release|x86
		{70fc86e5-f79c-43c1-b9fa-cf1819fac678}.Debug|x86.ActiveCfg = Debug|x86
		{70fc86e5-f79c-43c1-b9fa-cf1819fac678}.Debug|x86.Build.0 = Debug|x86
		{70fc86e5-f79c-43c1-b9fa-cf1819fac678}.Release|x86.ActiveCfg = Release|x86
		{70fc86e5-f79c-43c1-b9fa-cf1819fac678}.Release|x86.Build.0 = Release|x86
		{70fc86e5-f79c-43c1-b9fa-cf1819fac678}.Master|x86.ActiveCfg = Master|x86
		{70fc86e5-f79c-43c1-b9fa-cf1819fac678}.Master|x86.Build.0 = Master|x86
		{70fc86e5-f79c-43c1-b9fa-cf1819fac678}.Debug|x64.ActiveCfg = Debug|x64
		{70fc86e5-f79c-43c1-b9fa-cf1819fac678}.Debug|x64.Build.0 = Debug|x64
		{70fc86e5-f79c-43c1-b9fa-cf1819fac678}.Release|x64.ActiveCfg = Release|x64
		{70fc86e5-f79c-43c1-b9fa-cf1819fac678}.Release|x64.Build.0 = Release|x64
		{70fc86e5-f79c-43c1-b9fa-cf1819fac678}.Master|x64.ActiveCfg = Master|x64
		{70fc86e5-f79c-43c1-b9fa-cf1819fac678}.Master|x64.Build.0 = Master|x64
		{70fc86e5-f79c-43c1-b9fa-cf1819fac678}.Debug|ARM.ActiveCfg = Debug|ARM
		{70fc86e5-f79c-43c1-b9fa-cf1819fac678}.Debug|ARM.Build.0 = Debug|ARM
		{70fc86e5-f79c-43c1-b9fa-cf1819fac678}.Release|ARM.ActiveCfg = Release|ARM
		{70fc86e5-f79c-43c1-b9fa-cf1819fac678}.Release|ARM.Build.0 = Release|ARM
		{70fc86e5-f79c-43c1-b9fa-cf1819fac678}.Master|ARM.ActiveCfg = Master|ARM
		{70fc86e5-f79c-43c1-b9fa-cf1819fac678}.Master|ARM.Build.0 = Master|ARM
		{a8e129ba-ced2-4f02-90cd-5c48242bd007}.Debug|x86.ActiveCfg = Debug|x86
		{a8e129ba-ced2-4f02-90cd-5c48242bd007}.Debug|x86.Build.0 = Debug|x86
		{a8e129ba-ced2-4f02-90cd-5c48242bd007}.Release|x86.ActiveCfg = Release|x86
		{a8e129ba-ced2-4f02-90cd-5c48242bd007}.Release|x86.Build.0 = Release|x86
		{a8e129ba-ced2-4f02-90cd-5c48242bd007}.Master|x86.ActiveCfg = Master|x86
		{a8e129ba-ced2-4f02-90cd-5c48242bd007}.Master|x86.Build.0 = Master|x86
		{a8e129ba-ced2-4f02-90cd-5c48242bd007}.Debug|ARM.ActiveCfg = Debug|ARM
		{a8e129ba-ced2-4f02-90cd-5c48242bd007}.Debug|ARM.Build.0 = Debug|ARM
		{a8e129ba-ced2-4f02-90cd-5c48242bd007}.Release|ARM.ActiveCfg = Release|ARM
		{a8e129ba-ced2-4f02-90cd-5c48242bd007}.Release|ARM.Build.0 = Release|ARM
		{a8e129ba-ced2-4f02-90cd-5c48242bd007}.Master|ARM.ActiveCfg = Master|ARM
		{a8e129ba-ced2-4f02-90cd-5c48242bd007}.Master|ARM.Build.0 = Master|ARM
 EndGlobalSection
	GlobalSection(SolutionProperties) = preSolution
		HideSolutionNode = FALSE
	EndGlobalSection
EndGlobal
